github.com/creack/pty v1.1.9/go.mod h1:oKZEueFk5CKHvIhNR5MUki03XCEU+Q6VDXinZuGJ33E=
github.com/jhoonb/archivex v0.0.0-20201016144719-6a343cdae81d h1:q7n+5taxmM+9T2Q7Ydo7YN90FkoDuR5bbzByZwkQqPo=
github.com/jhoonb/archivex v0.0.0-20201016144719-6a343cdae81d/go.mod h1:GN1Mg/uXQ6qwXA0HypnUO3xlcQJS9/y68EsHNeuuRa4=
github.com/kr/pretty v0.1.0/go.mod h1:dAy3ld7l9f0ibDNOQOHHMYYIIbhfbHSm3C4ZsoJORNo=
github.com/kr/pretty v0.3.0 h1:WgNl7dwNpEZ6jJ9k1snq4pZsg7DOEN8hP9Xw0Tsjwk0=
github.com/kr/pretty v0.3.0/go.mod h1:640gp4NfQd8pI5XOwp5fnNeVWj67G7CFk/SaSQn7NBk=
github.com/kr/pty v1.1.1/go.mod h1:pFQYn66WHrOpPYNljwOMqo10TkYh1fy3cYio2l3bCsQ=
github.com/kr/text v0.1.0/go.mod h1:4Jbv+DJW3UT/LiOwJeYQe1efqtUx/iVham/4vfdArNI=
github.com/kr/text v0.2.0 h1:5Nx0Ya0ZqY2ygV366QzturHI13Jq95ApcVaJBhpS+AY=
github.com/kr/text v0.2.0/go.mod h1:eLer722TekiGuMkidMxC/pM04lWEeraHUUmBw8l2grE=
github.com/magefile/mage v1.11.0/go.mod h1:z5UZb/iS3GoOSn0JgWuiw7dxlurVYTu+/jHXqQg881A=
github.com/magefile/mage v1.14.0 h1:6QDX3g6z1YvJ4olPhT1wksUcSa/V0a1B+pJb73fBjyo=
github.com/magefile/mage v1.14.0/go.mod h1:z5UZb/iS3GoOSn0JgWuiw7dxlurVYTu+/jHXqQg881A=
github.com/mcandre/factorio v0.0.3 h1:Btvt75LUiqz9KR/bLPzQm1JkYYys8E7lBoA0PVjaTd4=
github.com/mcandre/factorio v0.0.3/go.mod h1:5bwnhNtdM7IyVMhwNHpbZdUgxX799lLM5LS6wwSEUng=
github.com/mcandre/mage-extras v0.0.2/go.mod h1:LaUjUgmPBAl+58zVzGk5YhTTxhqGEFDAI5Oit56bPYs=
github.com/mcandre/mage-extras v0.0.9 h1:A/fOzvHbhjtE38C6AWmnpseIfLsn3lqa+eVIOcc4vNw=
github.com/mcandre/mage-extras v0.0.9/go.mod h1:BDeasvOfYNFbHUQNXR5vO2VYv6OS0XF4y+PZCBS78ag=
github.com/mcandre/zipc v0.0.4 h1:+C/lXJVySnwfnAdRv5wvphrpX8JYmvpIQ1y6onazCkQ=
github.com/mcandre/zipc v0.0.4/go.mod h1:iJR+24JbL8Juffs+bbLWs/IL3n/6sNSLEz81+h0EtJc=
github.com/rogpeppe/go-internal v1.6.1 h1:/FiVV8dS/e+YqF2JvO3yXRFbBLTIuSDkuC7aBOAvL+k=
github.com/rogpeppe/go-internal v1.6.1/go.mod h1:xXDCJY+GAPziupqXw64V24skbSoqbTEfhy4qGm1nDQc=
gopkg.in/check.v1 v1.0.0-20180628173108-788fd7840127/go.mod h1:Co6ibVJAznAaIkqp8huTwlJQCZ016jof/cbN4VW5Yz0=
gopkg.in/errgo.v2 v2.1.0/go.mod h1:hNsd1EY+bozCKY1Ytp96fpM3vjJbqLJn88ws8XvfDNI=
mvdan.cc/sh v2.6.4+incompatible h1:eD6tDeh0pw+/TOTI1BBEryZ02rD2nMcFsgcvde7jffM=
mvdan.cc/sh v2.6.4+incompatible/go.mod h1:IeeQbZq+x2SUGBensq/jge5lLQbS3XT2ktyp3wrt4x8=
